
Microsoft Visual Studio Solution File, Format Version 12.00
# Visual Studio 14
VisualStudioVersion = 14.0.25420.1
MinimumVisualStudioVersion = 10.0.40219.1
Project("{2150E333-8FDC-42A3-9474-1A3956D46DE8}") = "src", "src", "{643812B0-7486-414D-9F40-4525458A3EB7}"
EndProject
Project("{2150E333-8FDC-42A3-9474-1A3956D46DE8}") = "Solution Items", "Solution Items", "{6DC9974E-0DD1-4D81-919E-F2054DCAA9D8}"
	ProjectSection(SolutionItems) = preProject
		appveyor.yml = appveyor.yml
		build.cake = build.cake
		build.ps1 = build.ps1
		global.json = global.json
		README.md = README.md
	EndProjectSection
EndProject
Project("{8BB2217D-0F2D-49D1-97BC-3654ED321F3B}") = "Domain", "src\Domain\Domain.xproj", "{701DDC68-4412-4AE1-9EB0-2E447FC46D08}"
EndProject
Project("{2150E333-8FDC-42A3-9474-1A3956D46DE8}") = "test", "test", "{9988E507-508B-4133-BCA1-D56020CBFE2F}"
EndProject
Project("{8BB2217D-0F2D-49D1-97BC-3654ED321F3B}") = "Api", "src\Api\Api.xproj", "{5D4ED663-4B99-4A9B-9CD6-F707D2C93067}"
EndProject
Project("{8BB2217D-0F2D-49D1-97BC-3654ED321F3B}") = "Domain.Test", "test\Domain.Test\Domain.Test.xproj", "{0F45923A-84AA-46F1-998B-1C1A9D9CE98C}"
EndProject
Project("{8BB2217D-0F2D-49D1-97BC-3654ED321F3B}") = "Api.Test", "test\Api.Test\Api.Test.xproj", "{F8F7BCCA-F33E-406C-9384-9E7FB22FB8E2}"
EndProject
Project("{8BB2217D-0F2D-49D1-97BC-3654ED321F3B}") = "Infra.RavenDB", "src\Infra.RavenDB\Infra.RavenDB.xproj", "{233F9413-D5EF-4FC6-89DA-C86E01594812}"
EndProject
Project("{8BB2217D-0F2D-49D1-97BC-3654ED321F3B}") = "Application", "src\Application\Application.xproj", "{1451A742-A768-4F71-965D-0546C6346BE8}"
EndProject
Project("{8BB2217D-0F2D-49D1-97BC-3654ED321F3B}") = "Application.Test", "test\Application.Test\Application.Test.xproj", "{44E51EC4-1AD1-421D-B1CF-9B58227845B2}"
EndProject
Project("{8BB2217D-0F2D-49D1-97BC-3654ED321F3B}") = "Infra.InMemoryDB", "src\Infra.InMemoryDB\Infra.InMemoryDB.xproj", "{BF8010CF-4217-446D-BDE2-0889A7C130EC}"
EndProject
Project("{8BB2217D-0F2D-49D1-97BC-3654ED321F3B}") = "CompositionRoot", "src\CompositionRoot\CompositionRoot.xproj", "{E66797A0-8423-43FA-B64E-39269DB7FF91}"
EndProject
Project("{8BB2217D-0F2D-49D1-97BC-3654ED321F3B}") = "CompositionRoot.Test", "test\CompositionRoot.Test\CompositionRoot.Test.xproj", "{936CB7F9-A72B-413A-BC42-06887D6D8669}"
EndProject
Project("{8BB2217D-0F2D-49D1-97BC-3654ED321F3B}") = "ReadModel", "src\ReadModel\ReadModel.xproj", "{E2B27B02-D31A-442C-8CF3-1705358BEB81}"
EndProject
Project("{8BB2217D-0F2D-49D1-97BC-3654ED321F3B}") = "ReadModel.Test", "test\ReadModel.Test\ReadModel.Test.xproj", "{E4CA7CDB-3E64-41BD-9383-0C70A15A5197}"
EndProject
Global
	GlobalSection(SolutionConfigurationPlatforms) = preSolution
		Debug|Any CPU = Debug|Any CPU
		Release|Any CPU = Release|Any CPU
	EndGlobalSection
	GlobalSection(ProjectConfigurationPlatforms) = postSolution
		{701DDC68-4412-4AE1-9EB0-2E447FC46D08}.Debug|Any CPU.ActiveCfg = Debug|Any CPU
		{701DDC68-4412-4AE1-9EB0-2E447FC46D08}.Debug|Any CPU.Build.0 = Debug|Any CPU
		{701DDC68-4412-4AE1-9EB0-2E447FC46D08}.Release|Any CPU.ActiveCfg = Release|Any CPU
		{701DDC68-4412-4AE1-9EB0-2E447FC46D08}.Release|Any CPU.Build.0 = Release|Any CPU
		{5D4ED663-4B99-4A9B-9CD6-F707D2C93067}.Debug|Any CPU.ActiveCfg = Debug|Any CPU
		{5D4ED663-4B99-4A9B-9CD6-F707D2C93067}.Debug|Any CPU.Build.0 = Debug|Any CPU
		{5D4ED663-4B99-4A9B-9CD6-F707D2C93067}.Release|Any CPU.ActiveCfg = Release|Any CPU
		{5D4ED663-4B99-4A9B-9CD6-F707D2C93067}.Release|Any CPU.Build.0 = Release|Any CPU
		{0F45923A-84AA-46F1-998B-1C1A9D9CE98C}.Debug|Any CPU.ActiveCfg = Debug|Any CPU
		{0F45923A-84AA-46F1-998B-1C1A9D9CE98C}.Debug|Any CPU.Build.0 = Debug|Any CPU
		{0F45923A-84AA-46F1-998B-1C1A9D9CE98C}.Release|Any CPU.ActiveCfg = Release|Any CPU
		{0F45923A-84AA-46F1-998B-1C1A9D9CE98C}.Release|Any CPU.Build.0 = Release|Any CPU
		{F8F7BCCA-F33E-406C-9384-9E7FB22FB8E2}.Debug|Any CPU.ActiveCfg = Debug|Any CPU
		{F8F7BCCA-F33E-406C-9384-9E7FB22FB8E2}.Debug|Any CPU.Build.0 = Debug|Any CPU
		{F8F7BCCA-F33E-406C-9384-9E7FB22FB8E2}.Release|Any CPU.ActiveCfg = Release|Any CPU
		{F8F7BCCA-F33E-406C-9384-9E7FB22FB8E2}.Release|Any CPU.Build.0 = Release|Any CPU
		{233F9413-D5EF-4FC6-89DA-C86E01594812}.Debug|Any CPU.ActiveCfg = Debug|Any CPU
		{233F9413-D5EF-4FC6-89DA-C86E01594812}.Debug|Any CPU.Build.0 = Debug|Any CPU
		{233F9413-D5EF-4FC6-89DA-C86E01594812}.Release|Any CPU.ActiveCfg = Release|Any CPU
		{233F9413-D5EF-4FC6-89DA-C86E01594812}.Release|Any CPU.Build.0 = Release|Any CPU
		{1451A742-A768-4F71-965D-0546C6346BE8}.Debug|Any CPU.ActiveCfg = Debug|Any CPU
		{1451A742-A768-4F71-965D-0546C6346BE8}.Debug|Any CPU.Build.0 = Debug|Any CPU
		{1451A742-A768-4F71-965D-0546C6346BE8}.Release|Any CPU.ActiveCfg = Release|Any CPU
		{1451A742-A768-4F71-965D-0546C6346BE8}.Release|Any CPU.Build.0 = Release|Any CPU
		{44E51EC4-1AD1-421D-B1CF-9B58227845B2}.Debug|Any CPU.ActiveCfg = Debug|Any CPU
		{44E51EC4-1AD1-421D-B1CF-9B58227845B2}.Debug|Any CPU.Build.0 = Debug|Any CPU
		{44E51EC4-1AD1-421D-B1CF-9B58227845B2}.Release|Any CPU.ActiveCfg = Release|Any CPU
		{44E51EC4-1AD1-421D-B1CF-9B58227845B2}.Release|Any CPU.Build.0 = Release|Any CPU
		{BF8010CF-4217-446D-BDE2-0889A7C130EC}.Debug|Any CPU.ActiveCfg = Debug|Any CPU
		{BF8010CF-4217-446D-BDE2-0889A7C130EC}.Debug|Any CPU.Build.0 = Debug|Any CPU
		{BF8010CF-4217-446D-BDE2-0889A7C130EC}.Release|Any CPU.ActiveCfg = Release|Any CPU
		{BF8010CF-4217-446D-BDE2-0889A7C130EC}.Release|Any CPU.Build.0 = Release|Any CPU
		{E66797A0-8423-43FA-B64E-39269DB7FF91}.Debug|Any CPU.ActiveCfg = Debug|Any CPU
		{E66797A0-8423-43FA-B64E-39269DB7FF91}.Debug|Any CPU.Build.0 = Debug|Any CPU
		{E66797A0-8423-43FA-B64E-39269DB7FF91}.Release|Any CPU.ActiveCfg = Release|Any CPU
		{E66797A0-8423-43FA-B64E-39269DB7FF91}.Release|Any CPU.Build.0 = Release|Any CPU
		{936CB7F9-A72B-413A-BC42-06887D6D8669}.Debug|Any CPU.ActiveCfg = Debug|Any CPU
		{936CB7F9-A72B-413A-BC42-06887D6D8669}.Debug|Any CPU.Build.0 = Debug|Any CPU
		{936CB7F9-A72B-413A-BC42-06887D6D8669}.Release|Any CPU.ActiveCfg = Release|Any CPU
		{936CB7F9-A72B-413A-BC42-06887D6D8669}.Release|Any CPU.Build.0 = Release|Any CPU
		{E2B27B02-D31A-442C-8CF3-1705358BEB81}.Debug|Any CPU.ActiveCfg = Debug|Any CPU
		{E2B27B02-D31A-442C-8CF3-1705358BEB81}.Debug|Any CPU.Build.0 = Debug|Any CPU
		{E2B27B02-D31A-442C-8CF3-1705358BEB81}.Release|Any CPU.ActiveCfg = Release|Any CPU
		{E2B27B02-D31A-442C-8CF3-1705358BEB81}.Release|Any CPU.Build.0 = Release|Any CPU
		{E4CA7CDB-3E64-41BD-9383-0C70A15A5197}.Debug|Any CPU.ActiveCfg = Debug|Any CPU
		{E4CA7CDB-3E64-41BD-9383-0C70A15A5197}.Debug|Any CPU.Build.0 = Debug|Any CPU
		{E4CA7CDB-3E64-41BD-9383-0C70A15A5197}.Release|Any CPU.ActiveCfg = Release|Any CPU
		{E4CA7CDB-3E64-41BD-9383-0C70A15A5197}.Release|Any CPU.Build.0 = Release|Any CPU
	EndGlobalSection
	GlobalSection(SolutionProperties) = preSolution
		HideSolutionNode = FALSE
	EndGlobalSection
	GlobalSection(NestedProjects) = preSolution
		{701DDC68-4412-4AE1-9EB0-2E447FC46D08} = {643812B0-7486-414D-9F40-4525458A3EB7}
		{5D4ED663-4B99-4A9B-9CD6-F707D2C93067} = {643812B0-7486-414D-9F40-4525458A3EB7}
		{0F45923A-84AA-46F1-998B-1C1A9D9CE98C} = {9988E507-508B-4133-BCA1-D56020CBFE2F}
		{F8F7BCCA-F33E-406C-9384-9E7FB22FB8E2} = {9988E507-508B-4133-BCA1-D56020CBFE2F}
		{233F9413-D5EF-4FC6-89DA-C86E01594812} = {643812B0-7486-414D-9F40-4525458A3EB7}
		{1451A742-A768-4F71-965D-0546C6346BE8} = {643812B0-7486-414D-9F40-4525458A3EB7}
		{44E51EC4-1AD1-421D-B1CF-9B58227845B2} = {9988E507-508B-4133-BCA1-D56020CBFE2F}
		{BF8010CF-4217-446D-BDE2-0889A7C130EC} = {643812B0-7486-414D-9F40-4525458A3EB7}
		{E66797A0-8423-43FA-B64E-39269DB7FF91} = {643812B0-7486-414D-9F40-4525458A3EB7}
		{936CB7F9-A72B-413A-BC42-06887D6D8669} = {9988E507-508B-4133-BCA1-D56020CBFE2F}
		{E2B27B02-D31A-442C-8CF3-1705358BEB81} = {643812B0-7486-414D-9F40-4525458A3EB7}
		{E4CA7CDB-3E64-41BD-9383-0C70A15A5197} = {9988E507-508B-4133-BCA1-D56020CBFE2F}
	EndGlobalSection
EndGlobal
